<?xml version="1.0" encoding="utf-8"?>
<Project ToolsVersion="4.0" xmlns="http://schemas.microsoft.com/developer/msbuild/2003">
  <ItemGroup>
    <Filter Include="Source Files">
      <UniqueIdentifier>{4FC737F1-C7A5-4376-A066-2A32D752A2FF}</UniqueIdentifier>
      <Extensions>cpp;c;cc;cxx;def;odl;idl;hpj;bat;asm;asmx</Extensions>
    </Filter>
    <Filter Include="Header Files">
      <UniqueIdentifier>{93995380-89BD-4b04-88EB-625FBE52EBFB}</UniqueIdentifier>
      <Extensions>h;hh;hpp;hxx;hm;inl;inc;xsd</Extensions>
    </Filter>
    <Filter Include="Resource Files">
      <UniqueIdentifier>{67DA6AB6-F800-4c08-8B7A-83BB121AAD01}</UniqueIdentifier>
      <Extensions>rc;ico;cur;bmp;dlg;rc2;rct;bin;rgs;gif;jpg;jpeg;jpe;resx;tiff;tif;png;wav;mfcribbon-ms</Extensions>
    </Filter>
    <Filter Include="media">
      <UniqueIdentifier>{dd3cf15d-5928-4b5f-b4e8-6d61f880e7eb}</UniqueIdentifier>
    </Filter>
    <Filter Include="media\sounds">
      <UniqueIdentifier>{b57d99c5-12cf-405f-bba3-88a75e709ff5}</UniqueIdentifier>
    </Filter>
    <Filter Include="media\images">
      <UniqueIdentifier>{f5ff88f3-37d6-46bf-9097-ced2ed164ebc}</UniqueIdentifier>
    </Filter>
    <Filter Include="media\models">
      <UniqueIdentifier>{270c8640-fb54-45d7-8a82-ca7a2683efe6}</UniqueIdentifier>
    </Filter>
  </ItemGroup>
  <ItemGroup>
    <ClCompile Include="AppClass.cpp">
      <Filter>Source Files</Filter>
    </ClCompile>
    <ClCompile Include="AppClassControls.cpp">
      <Filter>Source Files</Filter>
    </ClCompile>
    <ClCompile Include="Main.cpp">
      <Filter>Source Files</Filter>
    </ClCompile>
    <ClCompile Include="MyBoundingSphereClass.cpp">
      <Filter>Source Files</Filter>
    </ClCompile>
    <ClCompile Include="MyBoundingBoxClass.cpp">
      <Filter>Source Files</Filter>
    </ClCompile>
    <ClCompile Include="MyBoundingObjectClass.cpp">
      <Filter>Source Files</Filter>
    </ClCompile>
    <ClCompile Include="BoundingObjectManager.cpp">
      <Filter>Source Files</Filter>
    </ClCompile>
  </ItemGroup>
  <ItemGroup>
    <ClInclude Include="AppClass.h">
      <Filter>Header Files</Filter>
    </ClInclude>
    <ClInclude Include="..\res\Resource.h">
      <Filter>Resource Files</Filter>
    </ClInclude>
    <ClInclude Include="MyBoundingSphereClass.h">
      <Filter>Header Files</Filter>
    </ClInclude>
    <ClInclude Include="MyBoundingBoxClass.h">
      <Filter>Header Files</Filter>
    </ClInclude>
    <ClInclude Include="MyBoundingObjectClass.h">
      <Filter>Header Files</Filter>
    </ClInclude>
    <ClInclude Include="BoundingObjectManager.h">
      <Filter>Header Files</Filter>
    </ClInclude>
  </ItemGroup>
  <ItemGroup>
    <ResourceCompile Include="..\res\BTO.rc">
      <Filter>Resource Files</Filter>
    </ResourceCompile>
  </ItemGroup>
  <ItemGroup>
    <None Include="media\models\pool_table.FBX">
      <Filter>media\models</Filter>
    </None>
  </ItemGroup>
</Project>